
Microsoft Visual Studio Solution File, Format Version 12.00
# Visual Studio Version 16
VisualStudioVersion = 16.0.30523.141
MinimumVisualStudioVersion = 10.0.40219.1
Project("{9A19103F-16F7-4668-BE54-9A1E7A4F7556}") = "Lecture1", "Lecture1\Lecture1.csproj", "{FBC320A0-CF49-4877-84BE-E3A81DDEA390}"
EndProject
Project("{9A19103F-16F7-4668-BE54-9A1E7A4F7556}") = "Lecture2", "Lecture2\Lecture2.csproj", "{7A55C1C5-F2CD-4015-8922-2B79BE33196A}"
EndProject
Project("{9A19103F-16F7-4668-BE54-9A1E7A4F7556}") = "Lecture6", "Lecture6\Lecture6.csproj", "{6A6F74FD-2965-4B99-9078-3A030E7012E1}"
EndProject
Project("{FAE04EC0-301F-11D3-BF4B-00C04F79EFBC}") = "Lecture8", "Lecture8\Lecture8.csproj", "{62637406-39EF-4F08-B3F3-C72305D06E95}"
EndProject
Global
	GlobalSection(SolutionConfigurationPlatforms) = preSolution
		Debug|Any CPU = Debug|Any CPU
		Release|Any CPU = Release|Any CPU
	EndGlobalSection
	GlobalSection(ProjectConfigurationPlatforms) = postSolution
		{FBC320A0-CF49-4877-84BE-E3A81DDEA390}.Debug|Any CPU.ActiveCfg = Debug|Any CPU
		{FBC320A0-CF49-4877-84BE-E3A81DDEA390}.Debug|Any CPU.Build.0 = Debug|Any CPU
		{FBC320A0-CF49-4877-84BE-E3A81DDEA390}.Release|Any CPU.ActiveCfg = Release|Any CPU
		{FBC320A0-CF49-4877-84BE-E3A81DDEA390}.Release|Any CPU.Build.0 = Release|Any CPU
		{7A55C1C5-F2CD-4015-8922-2B79BE33196A}.Debug|Any CPU.ActiveCfg = Debug|Any CPU
		{7A55C1C5-F2CD-4015-8922-2B79BE33196A}.Debug|Any CPU.Build.0 = Debug|Any CPU
		{7A55C1C5-F2CD-4015-8922-2B79BE33196A}.Release|Any CPU.ActiveCfg = Release|Any CPU
		{7A55C1C5-F2CD-4015-8922-2B79BE33196A}.Release|Any CPU.Build.0 = Release|Any CPU
		{6A6F74FD-2965-4B99-9078-3A030E7012E1}.Debug|Any CPU.ActiveCfg = Debug|Any CPU
		{6A6F74FD-2965-4B99-9078-3A030E7012E1}.Debug|Any CPU.Build.0 = Debug|Any CPU
		{6A6F74FD-2965-4B99-9078-3A030E7012E1}.Release|Any CPU.ActiveCfg = Release|Any CPU
		{6A6F74FD-2965-4B99-9078-3A030E7012E1}.Release|Any CPU.Build.0 = Release|Any CPU
		{62637406-39EF-4F08-B3F3-C72305D06E95}.Debug|Any CPU.ActiveCfg = Debug|Any CPU
		{62637406-39EF-4F08-B3F3-C72305D06E95}.Debug|Any CPU.Build.0 = Debug|Any CPU
		{62637406-39EF-4F08-B3F3-C72305D06E95}.Release|Any CPU.ActiveCfg = Release|Any CPU
		{62637406-39EF-4F08-B3F3-C72305D06E95}.Release|Any CPU.Build.0 = Release|Any CPU
	EndGlobalSection
	GlobalSection(SolutionProperties) = preSolution
		HideSolutionNode = FALSE
	EndGlobalSection
	GlobalSection(ExtensibilityGlobals) = postSolution
		SolutionGuid = {477B96C2-29A8-4AC9-BB3A-D08FE20FA64B}
	EndGlobalSection
EndGlobal
